# Generated by pub
# See https://dart.dev/tools/pub/glossary#lockfile
packages:
  _fe_analyzer_shared:
    dependency: transitive
    description:
      name: _fe_analyzer_shared
      url: "https://pub.dartlang.org"
    source: hosted
    version: "7.0.0"
  adaptive_dialog:
    dependency: "direct main"
    description:
      name: adaptive_dialog
      url: "https://pub.dartlang.org"
    source: hosted
    version: "0.7.5+3"
  analyzer:
    dependency: transitive
    description:
      name: analyzer
      url: "https://pub.dartlang.org"
    source: hosted
    version: "0.39.17"
  android_intent:
    dependency: "direct main"
    description:
      name: android_intent
      url: "https://pub.dartlang.org"
    source: hosted
    version: "0.3.7+7"
  animations:
    dependency: transitive
    description:
      name: animations
      url: "https://pub.dartlang.org"
    source: hosted
    version: "1.1.2"
  archive:
    dependency: transitive
    description:
      name: archive
      url: "https://pub.dartlang.org"
    source: hosted
    version: "2.0.13"
  args:
    dependency: transitive
    description:
      name: args
      url: "https://pub.dartlang.org"
    source: hosted
    version: "1.6.0"
  async:
    dependency: transitive
    description:
      name: async
      url: "https://pub.dartlang.org"
    source: hosted
    version: "2.5.0-nullsafety.1"
  avatar_glow:
    dependency: "direct main"
    description:
      name: avatar_glow
      url: "https://pub.dartlang.org"
    source: hosted
    version: "1.2.0"
  awesome_dialog:
    dependency: "direct main"
    description:
      name: awesome_dialog
      url: "https://pub.dartlang.org"
    source: hosted
    version: "1.2.1"
  blur_bottom_bar:
    dependency: "direct main"
    description:
      name: blur_bottom_bar
      url: "https://pub.dartlang.org"
    source: hosted
    version: "1.0.2"
  boolean_selector:
    dependency: transitive
    description:
      name: boolean_selector
      url: "https://pub.dartlang.org"
    source: hosted
    version: "2.1.0-nullsafety.1"
  bottom_indicator_bar:
    dependency: "direct main"
    description:
      name: bottom_indicator_bar
      url: "https://pub.dartlang.org"
    source: hosted
    version: "1.0.0"
  bottom_navigation_badge:
    dependency: "direct main"
    description:
      name: bottom_navigation_badge
      url: "https://pub.dartlang.org"
    source: hosted
    version: "1.0.3"
  bottom_navy_bar:
    dependency: "direct main"
    description:
      name: bottom_navy_bar
      url: "https://pub.dartlang.org"
    source: hosted
    version: "5.6.0"
  bubble:
    dependency: "direct main"
    description:
      name: bubble
      url: "https://pub.dartlang.org"
    source: hosted
    version: "1.1.9+1"
  cached_network_image:
    dependency: "direct main"
    description:
      name: cached_network_image
      url: "https://pub.dartlang.org"
    source: hosted
    version: "2.4.0"
  cached_video_player:
    dependency: "direct main"
    description:
      name: cached_video_player
      url: "https://pub.dartlang.org"
    source: hosted
    version: "1.0.3"
  camera:
    dependency: "direct main"
    description:
      name: camera
      url: "https://pub.dartlang.org"
    source: hosted
    version: "0.5.8+11"
  characters:
    dependency: "direct main"
    description:
      name: characters
      url: "https://pub.dartlang.org"
    source: hosted
    version: "1.1.0-nullsafety.3"
  charcode:
    dependency: transitive
    description:
      name: charcode
      url: "https://pub.dartlang.org"
    source: hosted
    version: "1.2.0-nullsafety.1"
  circular_check_box:
    dependency: "direct main"
    description:
      name: circular_check_box
      url: "https://pub.dartlang.org"
    source: hosted
    version: "1.0.4"
  cli_util:
    dependency: transitive
    description:
      name: cli_util
      url: "https://pub.dartlang.org"
    source: hosted
    version: "0.2.0"
  clock:
    dependency: transitive
    description:
      name: clock
      url: "https://pub.dartlang.org"
    source: hosted
    version: "1.1.0-nullsafety.1"
  cloud_firestore:
    dependency: "direct main"
    description:
      name: cloud_firestore
      url: "https://pub.dartlang.org"
    source: hosted
    version: "0.14.3+1"
  cloud_firestore_platform_interface:
    dependency: transitive
    description:
      name: cloud_firestore_platform_interface
      url: "https://pub.dartlang.org"
    source: hosted
    version: "2.2.0"
  cloud_firestore_web:
    dependency: transitive
    description:
      name: cloud_firestore_web
      url: "https://pub.dartlang.org"
    source: hosted
    version: "0.2.1+1"
  collection:
    dependency: transitive
    description:
      name: collection
      url: "https://pub.dartlang.org"
    source: hosted
    version: "1.15.0-nullsafety.3"
  connectivity:
    dependency: "direct main"
    description:
      name: connectivity
      url: "https://pub.dartlang.org"
    source: hosted
    version: "0.4.9+5"
  connectivity_for_web:
    dependency: transitive
    description:
      name: connectivity_for_web
      url: "https://pub.dartlang.org"
    source: hosted
    version: "0.3.1+4"
  connectivity_macos:
    dependency: transitive
    description:
      name: connectivity_macos
      url: "https://pub.dartlang.org"
    source: hosted
    version: "0.1.0+7"
  connectivity_platform_interface:
    dependency: transitive
    description:
      name: connectivity_platform_interface
      url: "https://pub.dartlang.org"
    source: hosted
    version: "1.0.6"
  convert:
    dependency: transitive
    description:
      name: convert
      url: "https://pub.dartlang.org"
    source: hosted
    version: "2.1.1"
  crypto:
    dependency: transitive
    description:
      name: crypto
      url: "https://pub.dartlang.org"
    source: hosted
    version: "2.1.5"
  csslib:
    dependency: transitive
    description:
      name: csslib
      url: "https://pub.dartlang.org"
    source: hosted
    version: "0.15.0"
  cupertino_icons:
    dependency: "direct main"
    description:
      name: cupertino_icons
      url: "https://pub.dartlang.org"
    source: hosted
    version: "1.0.0"
  dart_style:
    dependency: transitive
    description:
      name: dart_style
      url: "https://pub.dartlang.org"
    source: hosted
    version: "1.3.6"
  dashed_circle:
    dependency: "direct main"
    description:
      name: dashed_circle
      url: "https://pub.dartlang.org"
    source: hosted
    version: "0.0.1"
  dependencies:
    dependency: "direct main"
    description:
      name: dependencies
      url: "https://pub.dartlang.org"
    source: hosted
    version: "0.1.5"
  device_info:
    dependency: transitive
    description:
      name: device_info
      url: "https://pub.dartlang.org"
    source: hosted
    version: "1.0.0"
  device_info_platform_interface:
    dependency: transitive
    description:
      name: device_info_platform_interface
      url: "https://pub.dartlang.org"
    source: hosted
    version: "1.0.1"
  dio:
    dependency: "direct main"
    description:
      name: dio
      url: "https://pub.dartlang.org"
    source: hosted
    version: "3.0.10"
  disposables:
    dependency: transitive
    description:
      name: disposables
      url: "https://pub.dartlang.org"
    source: hosted
    version: "0.1.2"
  emoji_pick:
    dependency: "direct main"
    description:
      name: emoji_pick
      url: "https://pub.dartlang.org"
    source: hosted
    version: "0.1.0"
  equatable:
    dependency: transitive
    description:
      name: equatable
      url: "https://pub.dartlang.org"
    source: hosted
    version: "1.2.5"
  expandable:
    dependency: "direct main"
    description:
      name: expandable
      url: "https://pub.dartlang.org"
    source: hosted
    version: "4.1.4"
  extended_image:
    dependency: transitive
    description:
      name: extended_image
      url: "https://pub.dartlang.org"
    source: hosted
    version: "1.3.0"
  extended_image_library:
    dependency: transitive
    description:
      name: extended_image_library
      url: "https://pub.dartlang.org"
    source: hosted
    version: "0.3.1"
  extended_text_field:
    dependency: "direct main"
    description:
      name: extended_text_field
      url: "https://pub.dartlang.org"
    source: hosted
    version: "5.0.2"
  extended_text_library:
    dependency: transitive
    description:
      name: extended_text_library
      url: "https://pub.dartlang.org"
    source: hosted
    version: "4.0.3"
  fake_async:
    dependency: transitive
    description:
      name: fake_async
      url: "https://pub.dartlang.org"
    source: hosted
    version: "1.2.0-nullsafety.1"
  ffi:
    dependency: transitive
    description:
      name: ffi
      url: "https://pub.dartlang.org"
    source: hosted
    version: "0.1.3"
  file:
    dependency: transitive
    description:
      name: file
      url: "https://pub.dartlang.org"
    source: hosted
    version: "5.2.1"
  firebase_core:
    dependency: "direct main"
    description:
      name: firebase_core
      url: "https://pub.dartlang.org"
    source: hosted
    version: "0.5.2+1"
  firebase_core_platform_interface:
    dependency: transitive
    description:
      name: firebase_core_platform_interface
      url: "https://pub.dartlang.org"
    source: hosted
    version: "2.1.0"
  firebase_core_web:
    dependency: transitive
    description:
      name: firebase_core_web
      url: "https://pub.dartlang.org"
    source: hosted
    version: "0.2.1+1"
  firebase_database:
    dependency: "direct main"
    description:
      name: firebase_database
      url: "https://pub.dartlang.org"
    source: hosted
    version: "4.3.0"
  firebase_messaging:
    dependency: "direct main"
    description:
      name: firebase_messaging
      url: "https://pub.dartlang.org"
    source: hosted
    version: "7.0.3"
  flare_dart:
    dependency: transitive
    description:
      name: flare_dart
      url: "https://pub.dartlang.org"
    source: hosted
    version: "2.3.4"
  flare_flutter:
    dependency: "direct main"
    description:
      name: flare_flutter
      url: "https://pub.dartlang.org"
    source: hosted
    version: "2.0.6"
  flutter:
    dependency: "direct main"
    description: flutter
    source: sdk
    version: "0.0.0"
  flutter_app_badger:
    dependency: "direct main"
    description:
      name: flutter_app_badger
      url: "https://pub.dartlang.org"
    source: hosted
    version: "1.1.2"
  flutter_blurhash:
    dependency: transitive
    description:
      name: flutter_blurhash
      url: "https://pub.dartlang.org"
    source: hosted
    version: "0.5.0"
  flutter_cache_manager:
    dependency: "direct main"
    description:
      name: flutter_cache_manager
      url: "https://pub.dartlang.org"
    source: hosted
    version: "2.0.0"
  flutter_custom_dialog:
    dependency: "direct main"
    description:
      name: flutter_custom_dialog
      url: "https://pub.dartlang.org"
    source: hosted
    version: "1.0.20"
  flutter_device_locale:
    dependency: transitive
    description:
      name: flutter_device_locale
      url: "https://pub.dartlang.org"
    source: hosted
    version: "0.4.0"
  flutter_email_sender:
    dependency: "direct main"
    description:
      name: flutter_email_sender
      url: "https://pub.dartlang.org"
    source: hosted
    version: "3.0.1"
  flutter_emoji:
    dependency: "direct main"
    description:
      name: flutter_emoji
      url: "https://pub.dartlang.org"
    source: hosted
    version: "2.2.1+1"
  flutter_flexible_toast:
    dependency: "direct main"
    description:
      name: flutter_flexible_toast
      url: "https://pub.dartlang.org"
    source: hosted
    version: "0.1.4"
  flutter_gifimage:
    dependency: "direct main"
    description:
      name: flutter_gifimage
      url: "https://pub.dartlang.org"
    source: hosted
    version: "1.0.1"
  flutter_html:
    dependency: "direct main"
    description:
      name: flutter_html
      url: "https://pub.dartlang.org"
    source: hosted
    version: "0.8.2"
  flutter_icons:
    dependency: "direct main"
    description:
      name: flutter_icons
      url: "https://pub.dartlang.org"
    source: hosted
    version: "1.1.0"
  flutter_launcher_icons:
    dependency: "direct dev"
    description:
      name: flutter_launcher_icons
      url: "https://pub.dartlang.org"
    source: hosted
    version: "0.7.5"
  flutter_layout_grid:
    dependency: "direct main"
    description:
      name: flutter_layout_grid
      url: "https://pub.dartlang.org"
    source: hosted
    version: "0.10.2"
  flutter_localizations:
    dependency: "direct main"
    description: flutter
    source: sdk
    version: "0.0.0"
  flutter_page_transition:
    dependency: "direct main"
    description:
      name: flutter_page_transition
      url: "https://pub.dartlang.org"
    source: hosted
    version: "0.1.6"
  flutter_pagewise:
    dependency: "direct main"
    description:
      name: flutter_pagewise
      url: "https://pub.dartlang.org"
    source: hosted
    version: "1.2.3"
  flutter_plugin_android_lifecycle:
    dependency: transitive
    description:
      name: flutter_plugin_android_lifecycle
      url: "https://pub.dartlang.org"
    source: hosted
    version: "1.0.11"
  flutter_secure_storage:
    dependency: "direct main"
    description:
      name: flutter_secure_storage
      url: "https://pub.dartlang.org"
    source: hosted
    version: "3.3.5"
  flutter_splash_screen:
    dependency: "direct main"
    description:
      name: flutter_splash_screen
      url: "https://pub.dartlang.org"
    source: hosted
    version: "0.1.0"
  flutter_staggered_animations:
    dependency: "direct main"
    description:
      name: flutter_staggered_animations
      url: "https://pub.dartlang.org"
    source: hosted
    version: "0.1.2"
  flutter_staggered_grid_view:
    dependency: "direct main"
    description:
      name: flutter_staggered_grid_view
      url: "https://pub.dartlang.org"
    source: hosted
    version: "0.3.2"
  flutter_svg:
    dependency: "direct main"
    description:
      name: flutter_svg
      url: "https://pub.dartlang.org"
    source: hosted
    version: "0.19.1"
  flutter_test:
    dependency: "direct dev"
    description: flutter
    source: sdk
    version: "0.0.0"
  flutter_vibrate:
    dependency: "direct main"
    description:
      name: flutter_vibrate
      url: "https://pub.dartlang.org"
    source: hosted
    version: "1.0.0"
  flutter_web_plugins:
    dependency: transitive
    description: flutter
    source: sdk
    version: "0.0.0"
  fluttertoast:
    dependency: "direct main"
    description:
      name: fluttertoast
      url: "https://pub.dartlang.org"
    source: hosted
    version: "7.1.5"
  ftoast:
    dependency: "direct main"
    description:
      name: ftoast
      url: "https://pub.dartlang.org"
    source: hosted
    version: "1.0.0"
  gallery_saver:
    dependency: "direct main"
    description:
      name: gallery_saver
      url: "https://pub.dartlang.org"
    source: hosted
    version: "2.0.1"
  geolocator:
    dependency: "direct main"
    description:
      name: geolocator
      url: "https://pub.dartlang.org"
    source: hosted
    version: "5.3.2+2"
  glob:
    dependency: transitive
    description:
      name: glob
      url: "https://pub.dartlang.org"
    source: hosted
    version: "1.2.0"
  google_api_availability:
    dependency: transitive
    description:
      name: google_api_availability
      url: "https://pub.dartlang.org"
    source: hosted
    version: "2.0.4"
  google_fonts:
    dependency: "direct main"
    description:
      name: google_fonts
      url: "https://pub.dartlang.org"
    source: hosted
    version: "1.1.1"
  google_nav_bar:
    dependency: "direct main"
    description:
      name: google_nav_bar
      url: "https://pub.dartlang.org"
    source: hosted
    version: "2.2.0"
  hashtagable:
    dependency: "direct main"
    description:
      name: hashtagable
      url: "https://pub.dartlang.org"
    source: hosted
    version: "1.0.5+1"
  html:
    dependency: transitive
    description:
      name: html
      url: "https://pub.dartlang.org"
    source: hosted
    version: "0.13.4+2"
  http:
    dependency: "direct main"
    description:
      name: http
      url: "https://pub.dartlang.org"
    source: hosted
    version: "0.12.2"
  http_client_helper:
    dependency: transitive
    description:
      name: http_client_helper
      url: "https://pub.dartlang.org"
    source: hosted
    version: "0.2.1"
  http_parser:
    dependency: transitive
    description:
      name: http_parser
      url: "https://pub.dartlang.org"
    source: hosted
    version: "3.1.4"
  image:
    dependency: transitive
    description:
      name: image
      url: "https://pub.dartlang.org"
    source: hosted
    version: "2.1.19"
  image_cropper:
    dependency: "direct main"
    description:
      name: image_cropper
      url: "https://pub.dartlang.org"
    source: hosted
    version: "1.3.1"
  image_downloader:
    dependency: "direct main"
    description:
      name: image_downloader
      url: "https://pub.dartlang.org"
    source: hosted
    version: "0.20.1"
  image_picker:
    dependency: "direct main"
    description:
      name: image_picker
      url: "https://pub.dartlang.org"
    source: hosted
    version: "0.6.7+14"
  image_picker_platform_interface:
    dependency: transitive
    description:
      name: image_picker_platform_interface
      url: "https://pub.dartlang.org"
    source: hosted
    version: "1.1.1"
  indexed_list_view:
    dependency: "direct main"
    description:
      name: indexed_list_view
      url: "https://pub.dartlang.org"
    source: hosted
    version: "1.1.5"
  intl:
    dependency: "direct main"
    description:
      name: intl
      url: "https://pub.dartlang.org"
    source: hosted
    version: "0.16.1"
  intl_translation:
    dependency: "direct main"
    description:
      name: intl_translation
      url: "https://pub.dartlang.org"
    source: hosted
    version: "0.17.10+1"
  ionicons:
    dependency: "direct main"
    description:
      name: ionicons
      url: "https://pub.dartlang.org"
    source: hosted
    version: "0.0.3"
  js:
    dependency: transitive
    description:
      name: js
      url: "https://pub.dartlang.org"
    source: hosted
    version: "0.6.2"
  keyboard_dismisser:
    dependency: "direct main"
    description:
      name: keyboard_dismisser
      url: "https://pub.dartlang.org"
    source: hosted
    version: "1.0.2"
  like_button:
    dependency: "direct main"
    description:
      name: like_button
      url: "https://pub.dartlang.org"
    source: hosted
    version: "1.0.4"
  line_icons:
    dependency: "direct main"
    description:
      name: line_icons
      url: "https://pub.dartlang.org"
    source: hosted
    version: "0.2.0"
  location_permissions:
    dependency: transitive
    description:
      name: location_permissions
      url: "https://pub.dartlang.org"
    source: hosted
    version: "3.0.0+1"
  logging:
    dependency: transitive
    description:
      name: logging
      url: "https://pub.dartlang.org"
    source: hosted
    version: "0.11.4"
  lottie:
    dependency: "direct main"
    description:
      name: lottie
      url: "https://pub.dartlang.org"
    source: hosted
    version: "0.6.0"
  matcher:
    dependency: transitive
    description:
      name: matcher
      url: "https://pub.dartlang.org"
    source: hosted
    version: "0.12.10-nullsafety.1"
  meta:
    dependency: transitive
    description:
      name: meta
      url: "https://pub.dartlang.org"
    source: hosted
    version: "1.3.0-nullsafety.3"
  mime:
    dependency: "direct main"
    description:
      name: mime
      url: "https://pub.dartlang.org"
    source: hosted
    version: "0.9.7"
  modal_bottom_sheet:
    dependency: "direct main"
    description:
      name: modal_bottom_sheet
      url: "https://pub.dartlang.org"
    source: hosted
    version: "1.0.0+1"
  nested:
    dependency: transitive
    description:
      name: nested
      url: "https://pub.dartlang.org"
    source: hosted
    version: "0.0.4"
  nice_button:
    dependency: "direct main"
    description:
      name: nice_button
      url: "https://pub.dartlang.org"
    source: hosted
    version: "0.1.7"
  node_interop:
    dependency: transitive
    description:
      name: node_interop
      url: "https://pub.dartlang.org"
    source: hosted
    version: "1.2.1"
  node_io:
    dependency: transitive
    description:
      name: node_io
      url: "https://pub.dartlang.org"
    source: hosted
    version: "1.2.0"
  oauth2:
    dependency: "direct main"
    description:
      name: oauth2
      url: "https://pub.dartlang.org"
    source: hosted
    version: "1.6.3"
  octo_image:
    dependency: transitive
    description:
      name: octo_image
      url: "https://pub.dartlang.org"
    source: hosted
    version: "0.3.0"
  open_app_settings:
    dependency: "direct main"
    description:
      name: open_app_settings
      url: "https://pub.dartlang.org"
    source: hosted
    version: "1.0.0"
  package_config:
    dependency: transitive
    description:
      name: package_config
      url: "https://pub.dartlang.org"
    source: hosted
    version: "1.9.3"
  package_info:
    dependency: transitive
    description:
      name: package_info
      url: "https://pub.dartlang.org"
    source: hosted
    version: "0.4.3+2"
  page_transition:
    dependency: "direct main"
    description:
      name: page_transition
      url: "https://pub.dartlang.org"
    source: hosted
    version: "1.1.7+2"
  palette_generator:
    dependency: "direct main"
    description:
      name: palette_generator
      url: "https://pub.dartlang.org"
    source: hosted
    version: "0.2.3"
  path:
    dependency: transitive
    description:
      name: path
      url: "https://pub.dartlang.org"
    source: hosted
    version: "1.8.0-nullsafety.1"
  path_drawing:
    dependency: transitive
    description:
      name: path_drawing
      url: "https://pub.dartlang.org"
    source: hosted
    version: "0.4.1+1"
  path_parsing:
    dependency: transitive
    description:
      name: path_parsing
      url: "https://pub.dartlang.org"
    source: hosted
    version: "0.1.4"
  path_provider:
    dependency: transitive
    description:
      name: path_provider
      url: "https://pub.dartlang.org"
    source: hosted
    version: "1.6.24"
  path_provider_linux:
    dependency: transitive
    description:
      name: path_provider_linux
      url: "https://pub.dartlang.org"
    source: hosted
    version: "0.0.1+2"
  path_provider_macos:
    dependency: transitive
    description:
      name: path_provider_macos
      url: "https://pub.dartlang.org"
    source: hosted
    version: "0.0.4+6"
  path_provider_platform_interface:
    dependency: transitive
    description:
      name: path_provider_platform_interface
      url: "https://pub.dartlang.org"
    source: hosted
    version: "1.0.4"
  path_provider_windows:
    dependency: transitive
    description:
      name: path_provider_windows
      url: "https://pub.dartlang.org"
    source: hosted
    version: "0.0.4+3"
  pedantic:
    dependency: transitive
    description:
      name: pedantic
      url: "https://pub.dartlang.org"
    source: hosted
    version: "1.9.2"
  petitparser:
    dependency: transitive
    description:
      name: petitparser
      url: "https://pub.dartlang.org"
    source: hosted
    version: "3.1.0"
  photo_manager:
    dependency: transitive
    description:
      name: photo_manager
      url: "https://pub.dartlang.org"
    source: hosted
    version: "0.5.8"
  photo_view:
    dependency: "direct main"
    description:
      name: photo_view
      url: "https://pub.dartlang.org"
    source: hosted
    version: "0.10.3"
  photofilters:
    dependency: "direct main"
    description:
      name: photofilters
      url: "https://pub.dartlang.org"
    source: hosted
    version: "2.0.1"
  pinch_zoom_image_last:
    dependency: "direct main"
    description:
      name: pinch_zoom_image_last
      url: "https://pub.dartlang.org"
    source: hosted
    version: "0.3.2"
  platform:
    dependency: transitive
    description:
      name: platform
      url: "https://pub.dartlang.org"
    source: hosted
    version: "2.2.1"
  plugin_platform_interface:
    dependency: transitive
    description:
      name: plugin_platform_interface
      url: "https://pub.dartlang.org"
    source: hosted
    version: "1.0.3"
  process:
    dependency: transitive
    description:
      name: process
      url: "https://pub.dartlang.org"
    source: hosted
    version: "3.0.13"
  progress_indicators:
    dependency: "direct main"
    description:
      name: progress_indicators
      url: "https://pub.dartlang.org"
    source: hosted
    version: "0.1.5"
  provider:
    dependency: "direct main"
    description:
      name: provider
      url: "https://pub.dartlang.org"
    source: hosted
    version: "4.3.2+2"
  pub_semver:
    dependency: transitive
    description:
      name: pub_semver
      url: "https://pub.dartlang.org"
    source: hosted
    version: "1.4.4"
  pull_to_refresh:
    dependency: "direct main"
    description:
      name: pull_to_refresh
      url: "https://pub.dartlang.org"
    source: hosted
    version: "1.6.3"
  quiver:
    dependency: transitive
    description:
      name: quiver
      url: "https://pub.dartlang.org"
    source: hosted
    version: "2.1.5"
  responsive_grid:
    dependency: "direct main"
    description:
      name: responsive_grid
      url: "https://pub.dartlang.org"
    source: hosted
    version: "1.2.1+1"
  rxdart:
    dependency: "direct main"
    description:
      name: rxdart
      url: "https://pub.dartlang.org"
    source: hosted
    version: "0.24.1"
  sa_anicoto:
    dependency: transitive
    description:
      name: sa_anicoto
      url: "https://pub.dartlang.org"
    source: hosted
    version: "1.2.0"
  sa_liquid:
    dependency: transitive
    description:
      name: sa_liquid
      url: "https://pub.dartlang.org"
    source: hosted
    version: "1.0.2"
  sa_multi_tween:
    dependency: transitive
    description:
      name: sa_multi_tween
      url: "https://pub.dartlang.org"
    source: hosted
    version: "1.1.3"
  sa_stateless_animation:
    dependency: transitive
    description:
      name: sa_stateless_animation
      url: "https://pub.dartlang.org"
    source: hosted
    version: "1.1.0"
  sa_v1_migration:
    dependency: transitive
    description:
      name: sa_v1_migration
      url: "https://pub.dartlang.org"
    source: hosted
    version: "1.1.2"
  share:
    dependency: "direct main"
    description:
      name: share
      url: "https://pub.dartlang.org"
    source: hosted
    version: "0.6.5+4"
  shared_preferences:
    dependency: "direct main"
    description:
      name: shared_preferences
      url: "https://pub.dartlang.org"
    source: hosted
    version: "0.5.12+4"
  shared_preferences_linux:
    dependency: transitive
    description:
      name: shared_preferences_linux
      url: "https://pub.dartlang.org"
    source: hosted
    version: "0.0.2+4"
  shared_preferences_macos:
    dependency: transitive
    description:
      name: shared_preferences_macos
      url: "https://pub.dartlang.org"
    source: hosted
    version: "0.0.1+11"
  shared_preferences_platform_interface:
    dependency: transitive
    description:
      name: shared_preferences_platform_interface
      url: "https://pub.dartlang.org"
    source: hosted
    version: "1.0.4"
  shared_preferences_web:
    dependency: transitive
    description:
      name: shared_preferences_web
      url: "https://pub.dartlang.org"
    source: hosted
    version: "0.1.2+7"
  shared_preferences_windows:
    dependency: transitive
    description:
      name: shared_preferences_windows
      url: "https://pub.dartlang.org"
    source: hosted
    version: "0.0.1+3"
  shimmer_animation:
    dependency: "direct main"
    description:
      name: shimmer_animation
      url: "https://pub.dartlang.org"
    source: hosted
    version: "0.2.1"
  sign_in_with_apple:
    dependency: "direct main"
    description:
      name: sign_in_with_apple
      url: "https://pub.dartlang.org"
    source: hosted
    version: "2.5.4"
  simple_animations:
    dependency: transitive
    description:
      name: simple_animations
      url: "https://pub.dartlang.org"
    source: hosted
    version: "2.3.1"
  sky_engine:
    dependency: transitive
    description: flutter
    source: sdk
    version: "0.0.99"
  slide_popup_dialog:
    dependency: "direct main"
    description:
      name: slide_popup_dialog
      url: "https://pub.dartlang.org"
    source: hosted
    version: "0.0.2"
  slider_button:
    dependency: "direct main"
    description:
      name: slider_button
      url: "https://pub.dartlang.org"
    source: hosted
    version: "0.6.0"
  source_span:
    dependency: transitive
    description:
      name: source_span
      url: "https://pub.dartlang.org"
    source: hosted
    version: "1.8.0-nullsafety.2"
  sqflite:
    dependency: transitive
    description:
      name: sqflite
      url: "https://pub.dartlang.org"
    source: hosted
    version: "1.3.2+1"
  sqflite_common:
    dependency: transitive
    description:
      name: sqflite_common
      url: "https://pub.dartlang.org"
    source: hosted
    version: "1.0.2+1"
  stack_trace:
    dependency: "direct main"
    description:
      name: stack_trace
      url: "https://pub.dartlang.org"
    source: hosted
    version: "1.10.0-nullsafety.1"
  story_view:
    dependency: "direct main"
    description:
      name: story_view
      url: "https://pub.dartlang.org"
    source: hosted
    version: "0.12.4"
  stream_channel:
    dependency: transitive
    description:
      name: stream_channel
      url: "https://pub.dartlang.org"
    source: hosted
    version: "2.1.0-nullsafety.1"
  stretchy_header:
    dependency: "direct main"
    description:
      name: stretchy_header
      url: "https://pub.dartlang.org"
    source: hosted
    version: "1.0.8"
  string_scanner:
    dependency: transitive
    description:
      name: string_scanner
      url: "https://pub.dartlang.org"
    source: hosted
    version: "1.1.0-nullsafety.1"
  supercharged:
    dependency: transitive
    description:
      name: supercharged
      url: "https://pub.dartlang.org"
    source: hosted
    version: "1.11.1"
  supercharged_dart:
    dependency: transitive
    description:
      name: supercharged_dart
      url: "https://pub.dartlang.org"
    source: hosted
    version: "1.3.1"
  swipe_up:
    dependency: "direct main"
    description:
      name: swipe_up
      url: "https://pub.dartlang.org"
    source: hosted
    version: "1.0.0"
  swipedetector:
    dependency: "direct main"
    description:
      name: swipedetector
      url: "https://pub.dartlang.org"
    source: hosted
    version: "1.2.0"
  synchronized:
    dependency: transitive
    description:
      name: synchronized
      url: "https://pub.dartlang.org"
    source: hosted
    version: "2.2.0+2"
  term_glyph:
    dependency: transitive
    description:
      name: term_glyph
      url: "https://pub.dartlang.org"
    source: hosted
    version: "1.2.0-nullsafety.1"
  test_api:
    dependency: transitive
    description:
      name: test_api
      url: "https://pub.dartlang.org"
    source: hosted
    version: "0.2.19-nullsafety.2"
  thumbnails:
    dependency: "direct main"
    description:
      name: thumbnails
      url: "https://pub.dartlang.org"
    source: hosted
    version: "1.0.1"
  tiktoklikescroller:
    dependency: "direct main"
    description:
      name: tiktoklikescroller
      url: "https://pub.dartlang.org"
    source: hosted
    version: "0.1.1"
  timeago:
    dependency: "direct main"
    description:
      name: timeago
      url: "https://pub.dartlang.org"
    source: hosted
    version: "2.0.29"
  typed_data:
    dependency: transitive
    description:
      name: typed_data
      url: "https://pub.dartlang.org"
    source: hosted
    version: "1.3.0-nullsafety.3"
  upgrader:
    dependency: "direct main"
    description:
      name: upgrader
      url: "https://pub.dartlang.org"
    source: hosted
    version: "2.7.3"
  url_launcher:
    dependency: "direct main"
    description:
      name: url_launcher
      url: "https://pub.dartlang.org"
    source: hosted
    version: "5.7.10"
  url_launcher_linux:
    dependency: transitive
    description:
      name: url_launcher_linux
      url: "https://pub.dartlang.org"
    source: hosted
    version: "0.0.1+4"
  url_launcher_macos:
    dependency: transitive
    description:
      name: url_launcher_macos
      url: "https://pub.dartlang.org"
    source: hosted
    version: "0.0.1+9"
  url_launcher_platform_interface:
    dependency: transitive
    description:
      name: url_launcher_platform_interface
      url: "https://pub.dartlang.org"
    source: hosted
    version: "1.0.9"
  url_launcher_web:
    dependency: transitive
    description:
      name: url_launcher_web
      url: "https://pub.dartlang.org"
    source: hosted
    version: "0.1.5+1"
  url_launcher_windows:
    dependency: transitive
    description:
      name: url_launcher_windows
      url: "https://pub.dartlang.org"
    source: hosted
    version: "0.0.1+3"
  utf:
    dependency: transitive
    description:
      name: utf
      url: "https://pub.dartlang.org"
    source: hosted
    version: "0.9.0+5"
  uuid:
    dependency: transitive
    description:
      name: uuid
      url: "https://pub.dartlang.org"
    source: hosted
    version: "2.2.2"
  vector_math:
    dependency: transitive
    description:
      name: vector_math
      url: "https://pub.dartlang.org"
    source: hosted
    version: "2.1.0-nullsafety.3"
  version:
    dependency: transitive
    description:
      name: version
      url: "https://pub.dartlang.org"
    source: hosted
    version: "1.2.0"
  vibration:
    dependency: transitive
    description:
      name: vibration
      url: "https://pub.dartlang.org"
    source: hosted
    version: "1.7.3"
  vibration_web:
    dependency: transitive
    description:
      name: vibration_web
      url: "https://pub.dartlang.org"
    source: hosted
    version: "1.6.2"
  video_player:
    dependency: "direct main"
    description:
      name: video_player
      url: "https://pub.dartlang.org"
    source: hosted
    version: "0.11.1+5"
  video_player_platform_interface:
    dependency: transitive
    description:
      name: video_player_platform_interface
      url: "https://pub.dartlang.org"
    source: hosted
    version: "2.2.0"
  video_player_web:
    dependency: transitive
    description:
      name: video_player_web
      url: "https://pub.dartlang.org"
    source: hosted
    version: "0.1.4+1"
  video_thumbnail:
    dependency: "direct main"
    description:
      name: video_thumbnail
      url: "https://pub.dartlang.org"
    source: hosted
    version: "0.2.4"
  visibility_detector:
    dependency: "direct main"
    description:
      name: visibility_detector
      url: "https://pub.dartlang.org"
    source: hosted
    version: "0.1.5"
  watcher:
    dependency: transitive
    description:
      name: watcher
      url: "https://pub.dartlang.org"
    source: hosted
    version: "0.9.7+15"
  wc_form_validators:
    dependency: "direct main"
    description:
      name: wc_form_validators
      url: "https://pub.dartlang.org"
    source: hosted
    version: "0.1.1"
  wechat_assets_picker:
    dependency: "direct main"
    description:
      name: wechat_assets_picker
      url: "https://pub.dartlang.org"
    source: hosted
    version: "4.2.2"
  wechat_camera_picker:
    dependency: "direct main"
    description:
      name: wechat_camera_picker
      url: "https://pub.dartlang.org"
    source: hosted
    version: "1.3.0"
  win32:
    dependency: transitive
    description:
      name: win32
      url: "https://pub.dartlang.org"
    source: hosted
    version: "1.7.4"
  xdg_directories:
    dependency: transitive
    description:
      name: xdg_directories
      url: "https://pub.dartlang.org"
    source: hosted
    version: "0.1.2"
  xml:
    dependency: transitive
    description:
      name: xml
      url: "https://pub.dartlang.org"
    source: hosted
    version: "4.5.1"
  yaml:
    dependency: transitive
    description:
      name: yaml
      url: "https://pub.dartlang.org"
    source: hosted
    version: "2.2.1"
sdks:
  dart: ">=2.10.2 <2.11.0"
  flutter: ">=1.22.2 <2.0.0"
